# This file is automatically @generated by Cargo.
# It is not intended for manual editing.
[[package]]
name = "bitflags"
version = "0.1.1"
source = "registry+https://github.com/rust-lang/crates.io-index"

[[package]]
name = "cc"
version = "1.0.38"
source = "registry+https://github.com/rust-lang/crates.io-index"

[[package]]
name = "lazy_static"
version = "0.1.16"
source = "registry+https://github.com/rust-lang/crates.io-index"

[[package]]
name = "pkg-config"
version = "0.3.15"
source = "registry+https://github.com/rust-lang/crates.io-index"

[[package]]
name = "roguelike"
version = "0.1.0"
dependencies = [
 "tcod 0.15.0 (registry+https://github.com/rust-lang/crates.io-index)",
]

[[package]]
name = "tcod"
version = "0.15.0"
source = "registry+https://github.com/rust-lang/crates.io-index"
dependencies = [
 "bitflags 0.1.1 (registry+https://github.com/rust-lang/crates.io-index)",
 "lazy_static 0.1.16 (registry+https://github.com/rust-lang/crates.io-index)",
 "tcod-sys 5.0.1 (registry+https://github.com/rust-lang/crates.io-index)",
]

[[package]]
name = "tcod-sys"
version = "5.0.1"
source = "registry+https://github.com/rust-lang/crates.io-index"
dependencies = [
 "cc 1.0.38 (registry+https://github.com/rust-lang/crates.io-index)",
 "pkg-config 0.3.15 (registry+https://github.com/rust-lang/crates.io-index)",
]

[metadata]
"checksum bitflags 0.1.1 (registry+https://github.com/rust-lang/crates.io-index)" = "2a6577517ecd0ee0934f48a7295a89aaef3e6dfafeac404f94c0b3448518ddfe"
"checksum cc 1.0.38 (registry+https://github.com/rust-lang/crates.io-index)" = "ce400c638d48ee0e9ab75aef7997609ec57367ccfe1463f21bf53c3eca67bf46"
"checksum lazy_static 0.1.16 (registry+https://github.com/rust-lang/crates.io-index)" = "cf186d1a8aa5f5bee5fd662bc9c1b949e0259e1bcc379d1f006847b0080c7417"
"checksum pkg-config 0.3.15 (registry+https://github.com/rust-lang/crates.io-index)" = "a7c1d2cfa5a714db3b5f24f0915e74fcdf91d09d496ba61329705dda7774d2af"
"checksum tcod 0.15.0 (registry+https://github.com/rust-lang/crates.io-index)" = "44e518b0661949712e8dbc6d6d9d7c00a405dd88bc539102c1edfc2d22e5e144"
"checksum tcod-sys 5.0.1 (registry+https://github.com/rust-lang/crates.io-index)" = "730fb27d2261f7c860ae7a61c3ae70277f0836173ceeccb594193abb4fa5f4aa"
